
Microsoft Visual Studio Solution File, Format Version 12.00
# Visual Studio Version 16
VisualStudioVersion = 16.0.30626.31
MinimumVisualStudioVersion = 10.0.40219.1
Project("{9A19103F-16F7-4668-BE54-9A1E7A4F7556}") = "test1", "test1.csproj", "{43C9E667-CC04-4059-B90A-A978D03EC4CD}"
EndProject
Project("{2150E333-8FDC-42A3-9474-1A3956D46DE8}") = "Workflows", "Workflows", "{F78F3DDB-2452-473D-B0E4-EE85C6A5AF99}"
	ProjectSection(SolutionItems) = preProject
		.github\workflows\test1.yaml = .github\workflows\test1.yaml
	EndProjectSection
EndProject
Global
	GlobalSection(SolutionConfigurationPlatforms) = preSolution
		Debug|Any CPU = Debug|Any CPU
		Release|Any CPU = Release|Any CPU
	EndGlobalSection
	GlobalSection(ProjectConfigurationPlatforms) = postSolution
		{43C9E667-CC04-4059-B90A-A978D03EC4CD}.Debug|Any CPU.ActiveCfg = Debug|Any CPU
		{43C9E667-CC04-4059-B90A-A978D03EC4CD}.Debug|Any CPU.Build.0 = Debug|Any CPU
		{43C9E667-CC04-4059-B90A-A978D03EC4CD}.Release|Any CPU.ActiveCfg = Release|Any CPU
		{43C9E667-CC04-4059-B90A-A978D03EC4CD}.Release|Any CPU.Build.0 = Release|Any CPU
	EndGlobalSection
	GlobalSection(SolutionProperties) = preSolution
		HideSolutionNode = FALSE
	EndGlobalSection
	GlobalSection(ExtensibilityGlobals) = postSolution
		SolutionGuid = {7B05CCFE-A233-48F6-9F53-5B8F82C405CA}
	EndGlobalSection
EndGlobal
